// !$*UTF8*$!
{
	archiveVersion = 1;
	classes = {
	};
	objectVersion = 56;
	objects = {

/* Begin PBXBuildFile section */
		3E95C4C6298C539D0024C095 /* dapaApp.swift in Sources */ = {isa = PBXBuildFile; fileRef = 3E95C4C5298C539D0024C095 /* dapaApp.swift */; };
		3E95C4C8298C539D0024C095 /* ContentView.swift in Sources */ = {isa = PBXBuildFile; fileRef = 3E95C4C7298C539D0024C095 /* ContentView.swift */; };
		3E95C4CA298C539E0024C095 /* Assets.xcassets in Resources */ = {isa = PBXBuildFile; fileRef = 3E95C4C9298C539E0024C095 /* Assets.xcassets */; };
		3E95C4CD298C539E0024C095 /* Preview Assets.xcassets in Resources */ = {isa = PBXBuildFile; fileRef = 3E95C4CC298C539E0024C095 /* Preview Assets.xcassets */; };
		3E95C4CF298C539E0024C095 /* Persistence.swift in Sources */ = {isa = PBXBuildFile; fileRef = 3E95C4CE298C539E0024C095 /* Persistence.swift */; };
		3E95C4D2298C539E0024C095 /* dapa.xcdatamodeld in Sources */ = {isa = PBXBuildFile; fileRef = 3E95C4D0298C539E0024C095 /* dapa.xcdatamodeld */; };
		3E95C4DC298C539E0024C095 /* dapaTests.swift in Sources */ = {isa = PBXBuildFile; fileRef = 3E95C4DB298C539E0024C095 /* dapaTests.swift */; };
		3E95C4E6298C539E0024C095 /* dapaUITests.swift in Sources */ = {isa = PBXBuildFile; fileRef = 3E95C4E5298C539E0024C095 /* dapaUITests.swift */; };
		3E95C4E8298C539E0024C095 /* dapaUITestsLaunchTests.swift in Sources */ = {isa = PBXBuildFile; fileRef = 3E95C4E7298C539E0024C095 /* dapaUITestsLaunchTests.swift */; };
/* End PBXBuildFile section */

/* Begin PBXContainerItemProxy section */
		3E95C4D8298C539E0024C095 /* PBXContainerItemProxy */ = {
			isa = PBXContainerItemProxy;
			containerPortal = 3E95C4BA298C539D0024C095 /* Project object */;
			proxyType = 1;
			remoteGlobalIDString = 3E95C4C1298C539D0024C095;
			remoteInfo = dapa;
		};
		3E95C4E2298C539E0024C095 /* PBXContainerItemProxy */ = {
			isa = PBXContainerItemProxy;
			containerPortal = 3E95C4BA298C539D0024C095 /* Project object */;
			proxyType = 1;
			remoteGlobalIDString = 3E95C4C1298C539D0024C095;
			remoteInfo = dapa;
		};
/* End PBXContainerItemProxy section */

/* Begin PBXFileReference section */
		3E95C4C2298C539D0024C095 /* dapa.app */ = {isa = PBXFileReference; explicitFileType = wrapper.application; includeInIndex = 0; path = dapa.app; sourceTree = BUILT_PRODUCTS_DIR; };
		3E95C4C5298C539D0024C095 /* dapaApp.swift */ = {isa = PBXFileReference; lastKnownFileType = sourcecode.swift; path = dapaApp.swift; sourceTree = "<group>"; };
		3E95C4C7298C539D0024C095 /* ContentView.swift */ = {isa = PBXFileReference; lastKnownFileType = sourcecode.swift; path = ContentView.swift; sourceTree = "<group>"; };
		3E95C4C9298C539E0024C095 /* Assets.xcassets */ = {isa = PBXFileReference; lastKnownFileType = folder.assetcatalog; path = Assets.xcassets; sourceTree = "<group>"; };
		3E95C4CC298C539E0024C095 /* Preview Assets.xcassets */ = {isa = PBXFileReference; lastKnownFileType = folder.assetcatalog; path = "Preview Assets.xcassets"; sourceTree = "<group>"; };
		3E95C4CE298C539E0024C095 /* Persistence.swift */ = {isa = PBXFileReference; lastKnownFileType = sourcecode.swift; path = Persistence.swift; sourceTree = "<group>"; };
		3E95C4D1298C539E0024C095 /* dapa.xcdatamodel */ = {isa = PBXFileReference; lastKnownFileType = wrapper.xcdatamodel; path = dapa.xcdatamodel; sourceTree = "<group>"; };
		3E95C4D7298C539E0024C095 /* dapaTests.xctest */ = {isa = PBXFileReference; explicitFileType = wrapper.cfbundle; includeInIndex = 0; path = dapaTests.xctest; sourceTree = BUILT_PRODUCTS_DIR; };
		3E95C4DB298C539E0024C095 /* dapaTests.swift */ = {isa = PBXFileReference; lastKnownFileType = sourcecode.swift; path = dapaTests.swift; sourceTree = "<group>"; };
		3E95C4E1298C539E0024C095 /* dapaUITests.xctest */ = {isa = PBXFileReference; explicitFileType = wrapper.cfbundle; includeInIndex = 0; path = dapaUITests.xctest; sourceTree = BUILT_PRODUCTS_DIR; };
		3E95C4E5298C539E0024C095 /* dapaUITests.swift */ = {isa = PBXFileReference; lastKnownFileType = sourcecode.swift; path = dapaUITests.swift; sourceTree = "<group>"; };
		3E95C4E7298C539E0024C095 /* dapaUITestsLaunchTests.swift */ = {isa = PBXFileReference; lastKnownFileType = sourcecode.swift; path = dapaUITestsLaunchTests.swift; sourceTree = "<group>"; };
/* End PBXFileReference section */

/* Begin PBXFrameworksBuildPhase section */
		3E95C4BF298C539D0024C095 /* Frameworks */ = {
			isa = PBXFrameworksBuildPhase;
			buildActionMask = 2147483647;
			files = (
			);
			runOnlyForDeploymentPostprocessing = 0;
		};
		3E95C4D4298C539E0024C095 /* Frameworks */ = {
			isa = PBXFrameworksBuildPhase;
			buildActionMask = 2147483647;
			files = (
			);
			runOnlyForDeploymentPostprocessing = 0;
		};
		3E95C4DE298C539E0024C095 /* Frameworks */ = {
			isa = PBXFrameworksBuildPhase;
			buildActionMask = 2147483647;
			files = (
			);
			runOnlyForDeploymentPostprocessing = 0;
		};
/* End PBXFrameworksBuildPhase section */

/* Begin PBXGroup section */
		3E95C4B9298C539D0024C095 = {
			isa = PBXGroup;
			children = (
				3E95C4C4298C539D0024C095 /* dapa */,
				3E95C4DA298C539E0024C095 /* dapaTests */,
				3E95C4E4298C539E0024C095 /* dapaUITests */,
				3E95C4C3298C539D0024C095 /* Products */,
			);
			sourceTree = "<group>";
		};
		3E95C4C3298C539D0024C095 /* Products */ = {
			isa = PBXGroup;
			children = (
				3E95C4C2298C539D0024C095 /* dapa.app */,
				3E95C4D7298C539E0024C095 /* dapaTests.xctest */,
				3E95C4E1298C539E0024C095 /* dapaUITests.xctest */,
			);
			name = Products;
			sourceTree = "<group>";
		};
		3E95C4C4298C539D0024C095 /* dapa */ = {
			isa = PBXGroup;
			children = (
				3E95C4C5298C539D0024C095 /* dapaApp.swift */,
				3E95C4C7298C539D0024C095 /* ContentView.swift */,
				3E95C4C9298C539E0024C095 /* Assets.xcassets */,
				3E95C4CE298C539E0024C095 /* Persistence.swift */,
				3E95C4D0298C539E0024C095 /* dapa.xcdatamodeld */,
				3E95C4CB298C539E0024C095 /* Preview Content */,
			);
			path = dapa;
			sourceTree = "<group>";
		};
		3E95C4CB298C539E0024C095 /* Preview Content */ = {
			isa = PBXGroup;
			children = (
				3E95C4CC298C539E0024C095 /* Preview Assets.xcassets */,
			);
			path = "Preview Content";
			sourceTree = "<group>";
		};
		3E95C4DA298C539E0024C095 /* dapaTests */ = {
			isa = PBXGroup;
			children = (
				3E95C4DB298C539E0024C095 /* dapaTests.swift */,
			);
			path = dapaTests;
			sourceTree = "<group>";
		};
		3E95C4E4298C539E0024C095 /* dapaUITests */ = {
			isa = PBXGroup;
			children = (
				3E95C4E5298C539E0024C095 /* dapaUITests.swift */,
				3E95C4E7298C539E0024C095 /* dapaUITestsLaunchTests.swift */,
			);
			path = dapaUITests;
			sourceTree = "<group>";
		};
/* End PBXGroup section */

/* Begin PBXNativeTarget section */
		3E95C4C1298C539D0024C095 /* dapa */ = {
			isa = PBXNativeTarget;
			buildConfigurationList = 3E95C4EB298C539E0024C095 /* Build configuration list for PBXNativeTarget "dapa" */;
			buildPhases = (
				3E95C4BE298C539D0024C095 /* Sources */,
				3E95C4BF298C539D0024C095 /* Frameworks */,
				3E95C4C0298C539D0024C095 /* Resources */,
			);
			buildRules = (
			);
			dependencies = (
			);
			name = dapa;
			productName = dapa;
			productReference = 3E95C4C2298C539D0024C095 /* dapa.app */;
			productType = "com.apple.product-type.application";
		};
		3E95C4D6298C539E0024C095 /* dapaTests */ = {
			isa = PBXNativeTarget;
			buildConfigurationList = 3E95C4EE298C539E0024C095 /* Build configuration list for PBXNativeTarget "dapaTests" */;
			buildPhases = (
				3E95C4D3298C539E0024C095 /* Sources */,
				3E95C4D4298C539E0024C095 /* Frameworks */,
				3E95C4D5298C539E0024C095 /* Resources */,
			);
			buildRules = (
			);
			dependencies = (
				3E95C4D9298C539E0024C095 /* PBXTargetDependency */,
			);
			name = dapaTests;
			productName = dapaTests;
			productReference = 3E95C4D7298C539E0024C095 /* dapaTests.xctest */;
			productType = "com.apple.product-type.bundle.unit-test";
		};
		3E95C4E0298C539E0024C095 /* dapaUITests */ = {
			isa = PBXNativeTarget;
			buildConfigurationList = 3E95C4F1298C539E0024C095 /* Build configuration list for PBXNativeTarget "dapaUITests" */;
			buildPhases = (
				3E95C4DD298C539E0024C095 /* Sources */,
				3E95C4DE298C539E0024C095 /* Frameworks */,
				3E95C4DF298C539E0024C095 /* Resources */,
			);
			buildRules = (
			);
			dependencies = (
				3E95C4E3298C539E0024C095 /* PBXTargetDependency */,
			);
			name = dapaUITests;
			productName = dapaUITests;
			productReference = 3E95C4E1298C539E0024C095 /* dapaUITests.xctest */;
			productType = "com.apple.product-type.bundle.ui-testing";
		};
/* End PBXNativeTarget section */

/* Begin PBXProject section */
		3E95C4BA298C539D0024C095 /* Project object */ = {
			isa = PBXProject;
			attributes = {
				BuildIndependentTargetsInParallel = 1;
				LastSwiftUpdateCheck = 1420;
				LastUpgradeCheck = 1420;
				TargetAttributes = {
					3E95C4C1298C539D0024C095 = {
						CreatedOnToolsVersion = 14.2;
					};
					3E95C4D6298C539E0024C095 = {
						CreatedOnToolsVersion = 14.2;
						TestTargetID = 3E95C4C1298C539D0024C095;
					};
					3E95C4E0298C539E0024C095 = {
						CreatedOnToolsVersion = 14.2;
						TestTargetID = 3E95C4C1298C539D0024C095;
					};
				};
			};
			buildConfigurationList = 3E95C4BD298C539D0024C095 /* Build configuration list for PBXProject "dapa" */;
			compatibilityVersion = "Xcode 14.0";
			developmentRegion = en;
			hasScannedForEncodings = 0;
			knownRegions = (
				en,
				Base,
			);
			mainGroup = 3E95C4B9298C539D0024C095;
			productRefGroup = 3E95C4C3298C539D0024C095 /* Products */;
			projectDirPath = "";
			projectRoot = "";
			targets = (
				3E95C4C1298C539D0024C095 /* dapa */,
				3E95C4D6298C539E0024C095 /* dapaTests */,
				3E95C4E0298C539E0024C095 /* dapaUITests */,
			);
		};
/* End PBXProject section */

/* Begin PBXResourcesBuildPhase section */
		3E95C4C0298C539D0024C095 /* Resources */ = {
			isa = PBXResourcesBuildPhase;
			buildActionMask = 2147483647;
			files = (
				3E95C4CD298C539E0024C095 /* Preview Assets.xcassets in Resources */,
				3E95C4CA298C539E0024C095 /* Assets.xcassets in Resources */,
			);
			runOnlyForDeploymentPostprocessing = 0;
		};
		3E95C4D5298C539E0024C095 /* Resources */ = {
			isa = PBXResourcesBuildPhase;
			buildActionMask = 2147483647;
			files = (
			);
			runOnlyForDeploymentPostprocessing = 0;
		};
		3E95C4DF298C539E0024C095 /* Resources */ = {
			isa = PBXResourcesBuildPhase;
			buildActionMask = 2147483647;
			files = (
			);
			runOnlyForDeploymentPostprocessing = 0;
		};
/* End PBXResourcesBuildPhase section */

/* Begin PBXSourcesBuildPhase section */
		3E95C4BE298C539D0024C095 /* Sources */ = {
			isa = PBXSourcesBuildPhase;
			buildActionMask = 2147483647;
			files = (
				3E95C4CF298C539E0024C095 /* Persistence.swift in Sources */,
				3E95C4C8298C539D0024C095 /* ContentView.swift in Sources */,
				3E95C4C6298C539D0024C095 /* dapaApp.swift in Sources */,
				3E95C4D2298C539E0024C095 /* dapa.xcdatamodeld in Sources */,
			);
			runOnlyForDeploymentPostprocessing = 0;
		};
		3E95C4D3298C539E0024C095 /* Sources */ = {
			isa = PBXSourcesBuildPhase;
			buildActionMask = 2147483647;
			files = (
				3E95C4DC298C539E0024C095 /* dapaTests.swift in Sources */,
			);
			runOnlyForDeploymentPostprocessing = 0;
		};
		3E95C4DD298C539E0024C095 /* Sources */ = {
			isa = PBXSourcesBuildPhase;
			buildActionMask = 2147483647;
			files = (
				3E95C4E8298C539E0024C095 /* dapaUITestsLaunchTests.swift in Sources */,
				3E95C4E6298C539E0024C095 /* dapaUITests.swift in Sources */,
			);
			runOnlyForDeploymentPostprocessing = 0;
		};
/* End PBXSourcesBuildPhase section */

/* Begin PBXTargetDependency section */
		3E95C4D9298C539E0024C095 /* PBXTargetDependency */ = {
			isa = PBXTargetDependency;
			target = 3E95C4C1298C539D0024C095 /* dapa */;
			targetProxy = 3E95C4D8298C539E0024C095 /* PBXContainerItemProxy */;
		};
		3E95C4E3298C539E0024C095 /* PBXTargetDependency */ = {
			isa = PBXTargetDependency;
			target = 3E95C4C1298C539D0024C095 /* dapa */;
			targetProxy = 3E95C4E2298C539E0024C095 /* PBXContainerItemProxy */;
		};
/* End PBXTargetDependency section */

/* Begin XCBuildConfiguration section */
		3E95C4E9298C539E0024C095 /* Debug */ = {
			isa = XCBuildConfiguration;
			buildSettings = {
				ALWAYS_SEARCH_USER_PATHS = NO;
				CLANG_ANALYZER_NONNULL = YES;
				CLANG_ANALYZER_NUMBER_OBJECT_CONVERSION = YES_AGGRESSIVE;
				CLANG_CXX_LANGUAGE_STANDARD = "gnu++20";
				CLANG_ENABLE_MODULES = YES;
				CLANG_ENABLE_OBJC_ARC = YES;
				CLANG_ENABLE_OBJC_WEAK = YES;
				CLANG_WARN_BLOCK_CAPTURE_AUTORELEASING = YES;
				CLANG_WARN_BOOL_CONVERSION = YES;
				CLANG_WARN_COMMA = YES;
				CLANG_WARN_CONSTANT_CONVERSION = YES;
				CLANG_WARN_DEPRECATED_OBJC_IMPLEMENTATIONS = YES;
				CLANG_WARN_DIRECT_OBJC_ISA_USAGE = YES_ERROR;
				CLANG_WARN_DOCUMENTATION_COMMENTS = YES;
				CLANG_WARN_EMPTY_BODY = YES;
				CLANG_WARN_ENUM_CONVERSION = YES;
				CLANG_WARN_INFINITE_RECURSION = YES;
				CLANG_WARN_INT_CONVERSION = YES;
				CLANG_WARN_NON_LITERAL_NULL_CONVERSION = YES;
				CLANG_WARN_OBJC_IMPLICIT_RETAIN_SELF = YES;
				CLANG_WARN_OBJC_LITERAL_CONVERSION = YES;
				CLANG_WARN_OBJC_ROOT_CLASS = YES_ERROR;
				CLANG_WARN_QUOTED_INCLUDE_IN_FRAMEWORK_HEADER = YES;
				CLANG_WARN_RANGE_LOOP_ANALYSIS = YES;
				CLANG_WARN_STRICT_PROTOTYPES = YES;
				CLANG_WARN_SUSPICIOUS_MOVE = YES;
				CLANG_WARN_UNGUARDED_AVAILABILITY = YES_AGGRESSIVE;
				CLANG_WARN_UNREACHABLE_CODE = YES;
				CLANG_WARN__DUPLICATE_METHOD_MATCH = YES;
				COPY_PHASE_STRIP = NO;
				DEBUG_INFORMATION_FORMAT = dwarf;
				ENABLE_STRICT_OBJC_MSGSEND = YES;
				ENABLE_TESTABILITY = YES;
				GCC_C_LANGUAGE_STANDARD = gnu11;
				GCC_DYNAMIC_NO_PIC = NO;
				GCC_NO_COMMON_BLOCKS = YES;
				GCC_OPTIMIZATION_LEVEL = 0;
				GCC_PREPROCESSOR_DEFINITIONS = (
					"DEBUG=1",
					"$(inherited)",
				);
				GCC_WARN_64_TO_32_BIT_CONVERSION = YES;
				GCC_WARN_ABOUT_RETURN_TYPE = YES_ERROR;
				GCC_WARN_UNDECLARED_SELECTOR = YES;
				GCC_WARN_UNINITIALIZED_AUTOS = YES_AGGRESSIVE;
				GCC_WARN_UNUSED_FUNCTION = YES;
				GCC_WARN_UNUSED_VARIABLE = YES;
				IPHONEOS_DEPLOYMENT_TARGET = 16.2;
				MTL_ENABLE_DEBUG_INFO = INCLUDE_SOURCE;
				MTL_FAST_MATH = YES;
				ONLY_ACTIVE_ARCH = YES;
				SDKROOT = iphoneos;
				SWIFT_ACTIVE_COMPILATION_CONDITIONS = DEBUG;
				SWIFT_OPTIMIZATION_LEVEL = "-Onone";
			};
			name = Debug;
		};
		3E95C4EA298C539E0024C095 /* Release */ = {
			isa = XCBuildConfiguration;
			buildSettings = {
				ALWAYS_SEARCH_USER_PATHS = NO;
				CLANG_ANALYZER_NONNULL = YES;
				CLANG_ANALYZER_NUMBER_OBJECT_CONVERSION = YES_AGGRESSIVE;
				CLANG_CXX_LANGUAGE_STANDARD = "gnu++20";
				CLANG_ENABLE_MODULES = YES;
				CLANG_ENABLE_OBJC_ARC = YES;
				CLANG_ENABLE_OBJC_WEAK = YES;
				CLANG_WARN_BLOCK_CAPTURE_AUTORELEASING = YES;
				CLANG_WARN_BOOL_CONVERSION = YES;
				CLANG_WARN_COMMA = YES;
				CLANG_WARN_CONSTANT_CONVERSION = YES;
				CLANG_WARN_DEPRECATED_OBJC_IMPLEMENTATIONS = YES;
				CLANG_WARN_DIRECT_OBJC_ISA_USAGE = YES_ERROR;
				CLANG_WARN_DOCUMENTATION_COMMENTS = YES;
				CLANG_WARN_EMPTY_BODY = YES;
				CLANG_WARN_ENUM_CONVERSION = YES;
				CLANG_WARN_INFINITE_RECURSION = YES;
				CLANG_WARN_INT_CONVERSION = YES;
				CLANG_WARN_NON_LITERAL_NULL_CONVERSION = YES;
				CLANG_WARN_OBJC_IMPLICIT_RETAIN_SELF = YES;
				CLANG_WARN_OBJC_LITERAL_CONVERSION = YES;
				CLANG_WARN_OBJC_ROOT_CLASS = YES_ERROR;
				CLANG_WARN_QUOTED_INCLUDE_IN_FRAMEWORK_HEADER = YES;
				CLANG_WARN_RANGE_LOOP_ANALYSIS = YES;
				CLANG_WARN_STRICT_PROTOTYPES = YES;
				CLANG_WARN_SUSPICIOUS_MOVE = YES;
				CLANG_WARN_UNGUARDED_AVAILABILITY = YES_AGGRESSIVE;
				CLANG_WARN_UNREACHABLE_CODE = YES;
				CLANG_WARN__DUPLICATE_METHOD_MATCH = YES;
				COPY_PHASE_STRIP = NO;
				DEBUG_INFORMATION_FORMAT = "dwarf-with-dsym";
				ENABLE_NS_ASSERTIONS = NO;
				ENABLE_STRICT_OBJC_MSGSEND = YES;
				GCC_C_LANGUAGE_STANDARD = gnu11;
				GCC_NO_COMMON_BLOCKS = YES;
				GCC_WARN_64_TO_32_BIT_CONVERSION = YES;
				GCC_WARN_ABOUT_RETURN_TYPE = YES_ERROR;
				GCC_WARN_UNDECLARED_SELECTOR = YES;
				GCC_WARN_UNINITIALIZED_AUTOS = YES_AGGRESSIVE;
				GCC_WARN_UNUSED_FUNCTION = YES;
				GCC_WARN_UNUSED_VARIABLE = YES;
				IPHONEOS_DEPLOYMENT_TARGET = 16.2;
				MTL_ENABLE_DEBUG_INFO = NO;
				MTL_FAST_MATH = YES;
				SDKROOT = iphoneos;
				SWIFT_COMPILATION_MODE = wholemodule;
				SWIFT_OPTIMIZATION_LEVEL = "-O";
				VALIDATE_PRODUCT = YES;
			};
			name = Release;
		};
		3E95C4EC298C539E0024C095 /* Debug */ = {
			isa = XCBuildConfiguration;
			buildSettings = {
				ASSETCATALOG_COMPILER_APPICON_NAME = AppIcon;
				ASSETCATALOG_COMPILER_GLOBAL_ACCENT_COLOR_NAME = AccentColor;
				CODE_SIGN_STYLE = Automatic;
				CURRENT_PROJECT_VERSION = 1;
				DEVELOPMENT_ASSET_PATHS = "\"dapa/Preview Content\"";
				DEVELOPMENT_TEAM = YZ3RHS7LVG;
				ENABLE_PREVIEWS = YES;
				GENERATE_INFOPLIST_FILE = YES;
				INFOPLIST_KEY_UIApplicationSceneManifest_Generation = YES;
				INFOPLIST_KEY_UIApplicationSupportsIndirectInputEvents = YES;
				INFOPLIST_KEY_UILaunchScreen_Generation = YES;
				INFOPLIST_KEY_UISupportedInterfaceOrientations_iPad = "UIInterfaceOrientationPortrait UIInterfaceOrientationPortraitUpsideDown UIInterfaceOrientationLandscapeLeft UIInterfaceOrientationLandscapeRight";
				INFOPLIST_KEY_UISupportedInterfaceOrientations_iPhone = "UIInterfaceOrientationPortrait UIInterfaceOrientationLandscapeLeft UIInterfaceOrientationLandscapeRight";
				LD_RUNPATH_SEARCH_PATHS = (
					"$(inherited)",
					"@executable_path/Frameworks",
				);
				MARKETING_VERSION = 1.0;
				PRODUCT_BUNDLE_IDENTIFIER = com.junu.dapa;
				PRODUCT_NAME = "$(TARGET_NAME)";
				SWIFT_EMIT_LOC_STRINGS = YES;
				SWIFT_VERSION = 5.0;
				TARGETED_DEVICE_FAMILY = "1,2";
			};
			name = Debug;
		};
		3E95C4ED298C539E0024C095 /* Release */ = {
			isa = XCBuildConfiguration;
			buildSettings = {
				ASSETCATALOG_COMPILER_APPICON_NAME = AppIcon;
				ASSETCATALOG_COMPILER_GLOBAL_ACCENT_COLOR_NAME = AccentColor;
				CODE_SIGN_STYLE = Automatic;
				CURRENT_PROJECT_VERSION = 1;
				DEVELOPMENT_ASSET_PATHS = "\"dapa/Preview Content\"";
				DEVELOPMENT_TEAM = YZ3RHS7LVG;
				ENABLE_PREVIEWS = YES;
				GENERATE_INFOPLIST_FILE = YES;
				INFOPLIST_KEY_UIApplicationSceneManifest_Generation = YES;
				INFOPLIST_KEY_UIApplicationSupportsIndirectInputEvents = YES;
				INFOPLIST_KEY_UILaunchScreen_Generation = YES;
				INFOPLIST_KEY_UISupportedInterfaceOrientations_iPad = "UIInterfaceOrientationPortrait UIInterfaceOrientationPortraitUpsideDown UIInterfaceOrientationLandscapeLeft UIInterfaceOrientationLandscapeRight";
				INFOPLIST_KEY_UISupportedInterfaceOrientations_iPhone = "UIInterfaceOrientationPortrait UIInterfaceOrientationLandscapeLeft UIInterfaceOrientationLandscapeRight";
				LD_RUNPATH_SEARCH_PATHS = (
					"$(inherited)",
					"@executable_path/Frameworks",
				);
				MARKETING_VERSION = 1.0;
				PRODUCT_BUNDLE_IDENTIFIER = com.junu.dapa;
				PRODUCT_NAME = "$(TARGET_NAME)";
				SWIFT_EMIT_LOC_STRINGS = YES;
				SWIFT_VERSION = 5.0;
				TARGETED_DEVICE_FAMILY = "1,2";
			};
			name = Release;
		};
		3E95C4EF298C539E0024C095 /* Debug */ = {
			isa = XCBuildConfiguration;
			buildSettings = {
				ALWAYS_EMBED_SWIFT_STANDARD_LIBRARIES = YES;
				BUNDLE_LOADER = "$(TEST_HOST)";
				CODE_SIGN_STYLE = Automatic;
				CURRENT_PROJECT_VERSION = 1;
				DEVELOPMENT_TEAM = YZ3RHS7LVG;
				GENERATE_INFOPLIST_FILE = YES;
				IPHONEOS_DEPLOYMENT_TARGET = 16.2;
				MARKETING_VERSION = 1.0;
				PRODUCT_BUNDLE_IDENTIFIER = com.junu.dapaTests;
				PRODUCT_NAME = "$(TARGET_NAME)";
				SWIFT_EMIT_LOC_STRINGS = NO;
				SWIFT_VERSION = 5.0;
				TARGETED_DEVICE_FAMILY = "1,2";
				TEST_HOST = "$(BUILT_PRODUCTS_DIR)/dapa.app/$(BUNDLE_EXECUTABLE_FOLDER_PATH)/dapa";
			};
			name = Debug;
		};
		3E95C4F0298C539E0024C095 /* Release */ = {
			isa = XCBuildConfiguration;
			buildSettings = {
				ALWAYS_EMBED_SWIFT_STANDARD_LIBRARIES = YES;
				BUNDLE_LOADER = "$(TEST_HOST)";
				CODE_SIGN_STYLE = Automatic;
				CURRENT_PROJECT_VERSION = 1;
				DEVELOPMENT_TEAM = YZ3RHS7LVG;
				GENERATE_INFOPLIST_FILE = YES;
				IPHONEOS_DEPLOYMENT_TARGET = 16.2;
				MARKETING_VERSION = 1.0;
				PRODUCT_BUNDLE_IDENTIFIER = com.junu.dapaTests;
				PRODUCT_NAME = "$(TARGET_NAME)";
				SWIFT_EMIT_LOC_STRINGS = NO;
				SWIFT_VERSION = 5.0;
				TARGETED_DEVICE_FAMILY = "1,2";
				TEST_HOST = "$(BUILT_PRODUCTS_DIR)/dapa.app/$(BUNDLE_EXECUTABLE_FOLDER_PATH)/dapa";
			};
			name = Release;
		};
		3E95C4F2298C539E0024C095 /* Debug */ = {
			isa = XCBuildConfiguration;
			buildSettings = {
				ALWAYS_EMBED_SWIFT_STANDARD_LIBRARIES = YES;
				CODE_SIGN_STYLE = Automatic;
				CURRENT_PROJECT_VERSION = 1;
				DEVELOPMENT_TEAM = YZ3RHS7LVG;
				GENERATE_INFOPLIST_FILE = YES;
				MARKETING_VERSION = 1.0;
				PRODUCT_BUNDLE_IDENTIFIER = com.junu.dapaUITests;
				PRODUCT_NAME = "$(TARGET_NAME)";
				SWIFT_EMIT_LOC_STRINGS = NO;
				SWIFT_VERSION = 5.0;
				TARGETED_DEVICE_FAMILY = "1,2";
				TEST_TARGET_NAME = dapa;
			};
			name = Debug;
		};
		3E95C4F3298C539E0024C095 /* Release */ = {
			isa = XCBuildConfiguration;
			buildSettings = {
				ALWAYS_EMBED_SWIFT_STANDARD_LIBRARIES = YES;
				CODE_SIGN_STYLE = Automatic;
				CURRENT_PROJECT_VERSION = 1;
				DEVELOPMENT_TEAM = YZ3RHS7LVG;
				GENERATE_INFOPLIST_FILE = YES;
				MARKETING_VERSION = 1.0;
				PRODUCT_BUNDLE_IDENTIFIER = com.junu.dapaUITests;
				PRODUCT_NAME = "$(TARGET_NAME)";
				SWIFT_EMIT_LOC_STRINGS = NO;
				SWIFT_VERSION = 5.0;
				TARGETED_DEVICE_FAMILY = "1,2";
				TEST_TARGET_NAME = dapa;
			};
			name = Release;
		};
/* End XCBuildConfiguration section */

/* Begin XCConfigurationList section */
		3E95C4BD298C539D0024C095 /* Build configuration list for PBXProject "dapa" */ = {
			isa = XCConfigurationList;
			buildConfigurations = (
				3E95C4E9298C539E0024C095 /* Debug */,
				3E95C4EA298C539E0024C095 /* Release */,
			);
			defaultConfigurationIsVisible = 0;
			defaultConfigurationName = Release;
		};
		3E95C4EB298C539E0024C095 /* Build configuration list for PBXNativeTarget "dapa" */ = {
			isa = XCConfigurationList;
			buildConfigurations = (
				3E95C4EC298C539E0024C095 /* Debug */,
				3E95C4ED298C539E0024C095 /* Release */,
			);
			defaultConfigurationIsVisible = 0;
			defaultConfigurationName = Release;
		};
		3E95C4EE298C539E0024C095 /* Build configuration list for PBXNativeTarget "dapaTests" */ = {
			isa = XCConfigurationList;
			buildConfigurations = (
				3E95C4EF298C539E0024C095 /* Debug */,
				3E95C4F0298C539E0024C095 /* Release */,
			);
			defaultConfigurationIsVisible = 0;
			defaultConfigurationName = Release;
		};
		3E95C4F1298C539E0024C095 /* Build configuration list for PBXNativeTarget "dapaUITests" */ = {
			isa = XCConfigurationList;
			buildConfigurations = (
				3E95C4F2298C539E0024C095 /* Debug */,
				3E95C4F3298C539E0024C095 /* Release */,
			);
			defaultConfigurationIsVisible = 0;
			defaultConfigurationName = Release;
		};
/* End XCConfigurationList section */

/* Begin XCVersionGroup section */
		3E95C4D0298C539E0024C095 /* dapa.xcdatamodeld */ = {
			isa = XCVersionGroup;
			children = (
				3E95C4D1298C539E0024C095 /* dapa.xcdatamodel */,
			);
			currentVersion = 3E95C4D1298C539E0024C095 /* dapa.xcdatamodel */;
			path = dapa.xcdatamodeld;
			sourceTree = "<group>";
			versionGroupType = wrapper.xcdatamodel;
		};
/* End XCVersionGroup section */
	};
	rootObject = 3E95C4BA298C539D0024C095 /* Project object */;
}
